// !$*UTF8*$!
{
	archiveVersion = 1;
	classes = {
	};
	objectVersion = 77;
	objects = {

/* Begin PBXBuildFile section */
		210F8DA82F8D7EA1001E4E65 /* Supabase in Frameworks */ = {isa = PBXBuildFile; productRef = A1AAPRD032F7F0D8C00154A03 /* Supabase */; };
		210F8DA92F8D7EA1001E4E65 /* GoogleSignIn in Frameworks */ = {isa = PBXBuildFile; productRef = A1AAPRD042F7F0D8C00154A04 /* GoogleSignIn */; };
		A1AA5E170000000000154A23 /* Sentry in Frameworks */ = {isa = PBXBuildFile; productRef = A1AA5E170000000000154A22 /* Sentry */; };
		A1AAC0DE2F7F0D8C00154A08 /* RevenueCat in Frameworks */ = {isa = PBXBuildFile; productRef = A1AAC0DE2F7F0D8C00154A06 /* RevenueCat */; };
		A1AAC0DE2F7F0D8C00154A09 /* RevenueCatUI in Frameworks */ = {isa = PBXBuildFile; productRef = A1AAC0DE2F7F0D8C00154A07 /* RevenueCatUI */; };
/* End PBXBuildFile section */

/* Begin PBXContainerItemProxy section */
		21CB28122F7F0D8C00154A18 /* PBXContainerItemProxy */ = {
			isa = PBXContainerItemProxy;
			containerPortal = 21CB271C2F7F0D8C00154A0F /* Project object */;
			proxyType = 1;
			remoteGlobalIDString = 21CB27232F7F0D8C00154A0F;
			remoteInfo = wayfind;
		};
		21CB29162F7F0D8C00154A86 /* PBXContainerItemProxy */ = {
			isa = PBXContainerItemProxy;
			containerPortal = 21CB271C2F7F0D8C00154A0F /* Project object */;
			proxyType = 1;
			remoteGlobalIDString = 21CB27232F7F0D8C00154A0F;
			remoteInfo = wayfind;
		};
/* End PBXContainerItemProxy section */

/* Begin PBXFileReference section */
		21CB27242F7F0D8C00154A0F /* wayfind.app */ = {isa = PBXFileReference; explicitFileType = wrapper.application; includeInIndex = 0; path = wayfind.app; sourceTree = BUILT_PRODUCTS_DIR; };
		21CB280A2F7F0D8C00154A10 /* wayfindTests.xctest */ = {isa = PBXFileReference; explicitFileType = wrapper.cfbundle; includeInIndex = 0; path = wayfindTests.xctest; sourceTree = BUILT_PRODUCTS_DIR; };
		21CB29102F7F0D8C00154A80 /* wayfindUITests.xctest */ = {isa = PBXFileReference; explicitFileType = wrapper.cfbundle; includeInIndex = 0; path = wayfindUITests.xctest; sourceTree = BUILT_PRODUCTS_DIR; };
/* End PBXFileReference section */

/* Begin PBXFileSystemSynchronizedRootGroup section */
		21CB27262F7F0D8C00154A0F /* wayfind */ = {
			isa = PBXFileSystemSynchronizedRootGroup;
			path = wayfind;
			sourceTree = "<group>";
		};
		21CB280E2F7F0D8C00154A14 /* wayfindTests */ = {
			isa = PBXFileSystemSynchronizedRootGroup;
			path = wayfindTests;
			sourceTree = "<group>";
		};
		21CB29112F7F0D8C00154A81 /* wayfindUITests */ = {
			isa = PBXFileSystemSynchronizedRootGroup;
			path = wayfindUITests;
			sourceTree = "<group>";
		};
/* End PBXFileSystemSynchronizedRootGroup section */

/* Begin PBXFrameworksBuildPhase section */
		21CB27212F7F0D8C00154A0F /* Frameworks */ = {
			isa = PBXFrameworksBuildPhase;
			buildActionMask = 2147483647;
			files = (
				210F8DA92F8D7EA1001E4E65 /* GoogleSignIn in Frameworks */,
				A1AAC0DE2F7F0D8C00154A08 /* RevenueCat in Frameworks */,
				A1AAC0DE2F7F0D8C00154A09 /* RevenueCatUI in Frameworks */,
				A1AA5E170000000000154A23 /* Sentry in Frameworks */,
				210F8DA82F8D7EA1001E4E65 /* Supabase in Frameworks */,
			);
			runOnlyForDeploymentPostprocessing = 0;
		};
		21CB280D2F7F0D8C00154A13 /* Frameworks */ = {
			isa = PBXFrameworksBuildPhase;
			buildActionMask = 2147483647;
			files = (
			);
			runOnlyForDeploymentPostprocessing = 0;
		};
		21CB29122F7F0D8C00154A82 /* Frameworks */ = {
			isa = PBXFrameworksBuildPhase;
			buildActionMask = 2147483647;
			files = (
			);
			runOnlyForDeploymentPostprocessing = 0;
		};
/* End PBXFrameworksBuildPhase section */

/* Begin PBXGroup section */
		21CB271B2F7F0D8C00154A0F = {
			isa = PBXGroup;
			children = (
				21CB27262F7F0D8C00154A0F /* wayfind */,
				21CB280E2F7F0D8C00154A14 /* wayfindTests */,
				21CB29112F7F0D8C00154A81 /* wayfindUITests */,
				21CB27252F7F0D8C00154A0F /* Products */,
			);
			sourceTree = "<group>";
		};
		21CB27252F7F0D8C00154A0F /* Products */ = {
			isa = PBXGroup;
			children = (
				21CB27242F7F0D8C00154A0F /* wayfind.app */,
				21CB280A2F7F0D8C00154A10 /* wayfindTests.xctest */,
				21CB29102F7F0D8C00154A80 /* wayfindUITests.xctest */,
			);
			name = Products;
			sourceTree = "<group>";
		};
/* End PBXGroup section */

/* Begin PBXNativeTarget section */
		21CB27232F7F0D8C00154A0F /* wayfind */ = {
			isa = PBXNativeTarget;
			buildConfigurationList = 21CB272F2F7F0D8D00154A0F /* Build configuration list for PBXNativeTarget "wayfind" */;
			buildPhases = (
				21CB27222F7F0D8C00154A0F /* Resources */,
				21CB27202F7F0D8C00154A0F /* Sources */,
				21CB27212F7F0D8C00154A0F /* Frameworks */,
			);
			buildRules = (
			);
			dependencies = (
			);
			fileSystemSynchronizedGroups = (
				21CB27262F7F0D8C00154A0F /* wayfind */,
			);
			name = wayfind;
			packageProductDependencies = (
				A1AAPRD032F7F0D8C00154A03 /* Supabase */,
				A1AAPRD042F7F0D8C00154A04 /* GoogleSignIn */,
				A1AAC0DE2F7F0D8C00154A06 /* RevenueCat */,
				A1AAC0DE2F7F0D8C00154A07 /* RevenueCatUI */,
				A1AA5E170000000000154A22 /* Sentry */,
			);
			productName = wayfind;
			productReference = 21CB27242F7F0D8C00154A0F /* wayfind.app */;
			productType = "com.apple.product-type.application";
		};
		21CB280B2F7F0D8C00154A11 /* wayfindTests */ = {
			isa = PBXNativeTarget;
			buildConfigurationList = 21CB28112F7F0D8C00154A17 /* Build configuration list for PBXNativeTarget "wayfindTests" */;
			buildPhases = (
				21CB280C2F7F0D8C00154A12 /* Sources */,
				21CB280D2F7F0D8C00154A13 /* Frameworks */,
				21CB28142F7F0D8C00154A20 /* Resources */,
			);
			buildRules = (
			);
			dependencies = (
				21CB28132F7F0D8C00154A19 /* PBXTargetDependency */,
			);
			fileSystemSynchronizedGroups = (
				21CB280E2F7F0D8C00154A14 /* wayfindTests */,
			);
			name = wayfindTests;
			packageProductDependencies = (
			);
			productName = wayfindTests;
			productReference = 21CB280A2F7F0D8C00154A10 /* wayfindTests.xctest */;
			productType = "com.apple.product-type.bundle.unit-test";
		};
		21CB29152F7F0D8C00154A85 /* wayfindUITests */ = {
			isa = PBXNativeTarget;
			buildConfigurationList = 21CB291A2F7F0D8C00154A8A /* Build configuration list for PBXNativeTarget "wayfindUITests" */;
			buildPhases = (
				21CB29132F7F0D8C00154A83 /* Sources */,
				21CB29122F7F0D8C00154A82 /* Frameworks */,
				21CB29142F7F0D8C00154A84 /* Resources */,
			);
			buildRules = (
			);
			dependencies = (
				21CB29172F7F0D8C00154A87 /* PBXTargetDependency */,
			);
			fileSystemSynchronizedGroups = (
				21CB29112F7F0D8C00154A81 /* wayfindUITests */,
			);
			name = wayfindUITests;
			packageProductDependencies = (
			);
			productName = wayfindUITests;
			productReference = 21CB29102F7F0D8C00154A80 /* wayfindUITests.xctest */;
			productType = "com.apple.product-type.bundle.ui-testing";
		};
/* End PBXNativeTarget section */

/* Begin PBXProject section */
		21CB271C2F7F0D8C00154A0F /* Project object */ = {
			isa = PBXProject;
			attributes = {
				BuildIndependentTargetsInParallel = 1;
				LastSwiftUpdateCheck = 2640;
				LastUpgradeCheck = 2640;
				TargetAttributes = {
					21CB27232F7F0D8C00154A0F = {
						CreatedOnToolsVersion = 26.4;
					};
					21CB280B2F7F0D8C00154A11 = {
						CreatedOnToolsVersion = 26.4;
						TestTargetID = 21CB27232F7F0D8C00154A0F;
					};
					21CB29152F7F0D8C00154A85 = {
						CreatedOnToolsVersion = 26.4;
						TestTargetID = 21CB27232F7F0D8C00154A0F;
					};
				};
			};
			buildConfigurationList = 21CB271F2F7F0D8C00154A0F /* Build configuration list for PBXProject "wayfind" */;
			developmentRegion = en;
			hasScannedForEncodings = 0;
			knownRegions = (
				en,
				Base,
			);
			mainGroup = 21CB271B2F7F0D8C00154A0F;
			minimizedProjectReferenceProxies = 1;
			packageReferences = (
				A1AAPKG012F7F0D8C00154A01 /* XCRemoteSwiftPackageReference "supabase-swift" */,
				A1AAPKG022F7F0D8C00154A02 /* XCRemoteSwiftPackageReference "GoogleSignIn-iOS" */,
				A1AAC0DE2F7F0D8C00154A05 /* XCRemoteSwiftPackageReference "purchases-ios-spm" */,
				A1AA5E170000000000154A21 /* XCRemoteSwiftPackageReference "sentry-cocoa" */,
			);
			preferredProjectObjectVersion = 77;
			productRefGroup = 21CB27252F7F0D8C00154A0F /* Products */;
			projectDirPath = "";
			projectRoot = "";
			targets = (
				21CB27232F7F0D8C00154A0F /* wayfind */,
				21CB280B2F7F0D8C00154A11 /* wayfindTests */,
				21CB29152F7F0D8C00154A85 /* wayfindUITests */,
			);
		};
/* End PBXProject section */

/* Begin PBXResourcesBuildPhase section */
		21CB27222F7F0D8C00154A0F /* Resources */ = {
			isa = PBXResourcesBuildPhase;
			buildActionMask = 2147483647;
			files = (
			);
			runOnlyForDeploymentPostprocessing = 0;
		};
		21CB28142F7F0D8C00154A20 /* Resources */ = {
			isa = PBXResourcesBuildPhase;
			buildActionMask = 2147483647;
			files = (
			);
			runOnlyForDeploymentPostprocessing = 0;
		};
		21CB29142F7F0D8C00154A84 /* Resources */ = {
			isa = PBXResourcesBuildPhase;
			buildActionMask = 2147483647;
			files = (
			);
			runOnlyForDeploymentPostprocessing = 0;
		};
/* End PBXResourcesBuildPhase section */

/* Begin PBXSourcesBuildPhase section */
		21CB27202F7F0D8C00154A0F /* Sources */ = {
			isa = PBXSourcesBuildPhase;
			buildActionMask = 2147483647;
			files = (
			);
			runOnlyForDeploymentPostprocessing = 0;
		};
		21CB280C2F7F0D8C00154A12 /* Sources */ = {
			isa = PBXSourcesBuildPhase;
			buildActionMask = 2147483647;
			files = (
			);
			runOnlyForDeploymentPostprocessing = 0;
		};
		21CB29132F7F0D8C00154A83 /* Sources */ = {
			isa = PBXSourcesBuildPhase;
			buildActionMask = 2147483647;
			files = (
			);
			runOnlyForDeploymentPostprocessing = 0;
		};
/* End PBXSourcesBuildPhase section */

/* Begin PBXTargetDependency section */
		21CB28132F7F0D8C00154A19 /* PBXTargetDependency */ = {
			isa = PBXTargetDependency;
			target = 21CB27232F7F0D8C00154A0F /* wayfind */;
			targetProxy = 21CB28122F7F0D8C00154A18 /* PBXContainerItemProxy */;
		};
		21CB29172F7F0D8C00154A87 /* PBXTargetDependency */ = {
			isa = PBXTargetDependency;
			target = 21CB27232F7F0D8C00154A0F /* wayfind */;
			targetProxy = 21CB29162F7F0D8C00154A86 /* PBXContainerItemProxy */;
		};
/* End PBXTargetDependency section */

/* Begin XCBuildConfiguration section */
		21CB272D2F7F0D8D00154A0F /* Debug */ = {
			isa = XCBuildConfiguration;
			buildSettings = {
				ALWAYS_SEARCH_USER_PATHS = NO;
				ASSETCATALOG_COMPILER_GENERATE_SWIFT_ASSET_SYMBOL_EXTENSIONS = YES;
				CLANG_ANALYZER_NONNULL = YES;
				CLANG_ANALYZER_NUMBER_OBJECT_CONVERSION = YES_AGGRESSIVE;
				CLANG_CXX_LANGUAGE_STANDARD = "gnu++20";
				CLANG_ENABLE_MODULES = YES;
				CLANG_ENABLE_OBJC_ARC = YES;
				CLANG_ENABLE_OBJC_WEAK = YES;
				CLANG_WARN_BLOCK_CAPTURE_AUTORELEASING = YES;
				CLANG_WARN_BOOL_CONVERSION = YES;
				CLANG_WARN_COMMA = YES;
				CLANG_WARN_CONSTANT_CONVERSION = YES;
				CLANG_WARN_DEPRECATED_OBJC_IMPLEMENTATIONS = YES;
				CLANG_WARN_DIRECT_OBJC_ISA_USAGE = YES_ERROR;
				CLANG_WARN_DOCUMENTATION_COMMENTS = YES;
				CLANG_WARN_EMPTY_BODY = YES;
				CLANG_WARN_ENUM_CONVERSION = YES;
				CLANG_WARN_INFINITE_RECURSION = YES;
				CLANG_WARN_INT_CONVERSION = YES;
				CLANG_WARN_NON_LITERAL_NULL_CONVERSION = YES;
				CLANG_WARN_OBJC_IMPLICIT_RETAIN_SELF = YES;
				CLANG_WARN_OBJC_LITERAL_CONVERSION = YES;
				CLANG_WARN_OBJC_ROOT_CLASS = YES_ERROR;
				CLANG_WARN_QUOTED_INCLUDE_IN_FRAMEWORK_HEADER = YES;
				CLANG_WARN_RANGE_LOOP_ANALYSIS = YES;
				CLANG_WARN_STRICT_PROTOTYPES = YES;
				CLANG_WARN_SUSPICIOUS_MOVE = YES;
				CLANG_WARN_UNGUARDED_AVAILABILITY = YES_AGGRESSIVE;
				CLANG_WARN_UNREACHABLE_CODE = YES;
				CLANG_WARN__DUPLICATE_METHOD_MATCH = YES;
				COPY_PHASE_STRIP = NO;
				DEBUG_INFORMATION_FORMAT = dwarf;
				DEVELOPMENT_TEAM = 7RNU3W6ND4;
				ENABLE_STRICT_OBJC_MSGSEND = YES;
				ENABLE_TESTABILITY = YES;
				ENABLE_USER_SCRIPT_SANDBOXING = YES;
				GCC_C_LANGUAGE_STANDARD = gnu17;
				GCC_DYNAMIC_NO_PIC = NO;
				GCC_NO_COMMON_BLOCKS = YES;
				GCC_OPTIMIZATION_LEVEL = 0;
				GCC_PREPROCESSOR_DEFINITIONS = (
					"DEBUG=1",
					"$(inherited)",
				);
				GCC_WARN_64_TO_32_BIT_CONVERSION = YES;
				GCC_WARN_ABOUT_RETURN_TYPE = YES_ERROR;
				GCC_WARN_UNDECLARED_SELECTOR = YES;
				GCC_WARN_UNINITIALIZED_AUTOS = YES_AGGRESSIVE;
				GCC_WARN_UNUSED_FUNCTION = YES;
				GCC_WARN_UNUSED_VARIABLE = YES;
				IPHONEOS_DEPLOYMENT_TARGET = 26.4;
				LOCALIZATION_PREFERS_STRING_CATALOGS = YES;
				MTL_ENABLE_DEBUG_INFO = INCLUDE_SOURCE;
				MTL_FAST_MATH = YES;
				ONLY_ACTIVE_ARCH = YES;
				SDKROOT = iphoneos;
				SWIFT_ACTIVE_COMPILATION_CONDITIONS = "DEBUG $(inherited)";
				SWIFT_OPTIMIZATION_LEVEL = "-Onone";
			};
			name = Debug;
		};
		21CB272E2F7F0D8D00154A0F /* Release */ = {
			isa = XCBuildConfiguration;
			buildSettings = {
				ALWAYS_SEARCH_USER_PATHS = NO;
				ASSETCATALOG_COMPILER_GENERATE_SWIFT_ASSET_SYMBOL_EXTENSIONS = YES;
				CLANG_ANALYZER_NONNULL = YES;
				CLANG_ANALYZER_NUMBER_OBJECT_CONVERSION = YES_AGGRESSIVE;
				CLANG_CXX_LANGUAGE_STANDARD = "gnu++20";
				CLANG_ENABLE_MODULES = YES;
				CLANG_ENABLE_OBJC_ARC = YES;
				CLANG_ENABLE_OBJC_WEAK = YES;
				CLANG_WARN_BLOCK_CAPTURE_AUTORELEASING = YES;
				CLANG_WARN_BOOL_CONVERSION = YES;
				CLANG_WARN_COMMA = YES;
				CLANG_WARN_CONSTANT_CONVERSION = YES;
				CLANG_WARN_DEPRECATED_OBJC_IMPLEMENTATIONS = YES;
				CLANG_WARN_DIRECT_OBJC_ISA_USAGE = YES_ERROR;
				CLANG_WARN_DOCUMENTATION_COMMENTS = YES;
				CLANG_WARN_EMPTY_BODY = YES;
				CLANG_WARN_ENUM_CONVERSION = YES;
				CLANG_WARN_INFINITE_RECURSION = YES;
				CLANG_WARN_INT_CONVERSION = YES;
				CLANG_WARN_NON_LITERAL_NULL_CONVERSION = YES;
				CLANG_WARN_OBJC_IMPLICIT_RETAIN_SELF = YES;
				CLANG_WARN_OBJC_LITERAL_CONVERSION = YES;
				CLANG_WARN_OBJC_ROOT_CLASS = YES_ERROR;
				CLANG_WARN_QUOTED_INCLUDE_IN_FRAMEWORK_HEADER = YES;
				CLANG_WARN_RANGE_LOOP_ANALYSIS = YES;
				CLANG_WARN_STRICT_PROTOTYPES = YES;
				CLANG_WARN_SUSPICIOUS_MOVE = YES;
				CLANG_WARN_UNGUARDED_AVAILABILITY = YES_AGGRESSIVE;
				CLANG_WARN_UNREACHABLE_CODE = YES;
				CLANG_WARN__DUPLICATE_METHOD_MATCH = YES;
				COPY_PHASE_STRIP = NO;
				DEBUG_INFORMATION_FORMAT = "dwarf-with-dsym";
				DEVELOPMENT_TEAM = 7RNU3W6ND4;
				ENABLE_NS_ASSERTIONS = NO;
				ENABLE_STRICT_OBJC_MSGSEND = YES;
				ENABLE_USER_SCRIPT_SANDBOXING = YES;
				GCC_C_LANGUAGE_STANDARD = gnu17;
				GCC_NO_COMMON_BLOCKS = YES;
				GCC_WARN_64_TO_32_BIT_CONVERSION = YES;
				GCC_WARN_ABOUT_RETURN_TYPE = YES_ERROR;
				GCC_WARN_UNDECLARED_SELECTOR = YES;
				GCC_WARN_UNINITIALIZED_AUTOS = YES_AGGRESSIVE;
				GCC_WARN_UNUSED_FUNCTION = YES;
				GCC_WARN_UNUSED_VARIABLE = YES;
				IPHONEOS_DEPLOYMENT_TARGET = 26.4;
				LOCALIZATION_PREFERS_STRING_CATALOGS = YES;
				MTL_ENABLE_DEBUG_INFO = NO;
				MTL_FAST_MATH = YES;
				SDKROOT = iphoneos;
				SWIFT_COMPILATION_MODE = wholemodule;
				VALIDATE_PRODUCT = YES;
			};
			name = Release;
		};
		21CB27302F7F0D8D00154A0F /* Debug */ = {
			isa = XCBuildConfiguration;
			buildSettings = {
				ASSETCATALOG_COMPILER_APPICON_NAME = AppIcon;
				ASSETCATALOG_COMPILER_GLOBAL_ACCENT_COLOR_NAME = AccentColor;
				CODE_SIGN_ENTITLEMENTS = wayfind/Wayfind.entitlements;
				CODE_SIGN_STYLE = Automatic;
				CURRENT_PROJECT_VERSION = 1;
				DEVELOPMENT_TEAM = 7RNU3W6ND4;
				ENABLE_PREVIEWS = YES;
				GENERATE_INFOPLIST_FILE = YES;
				INFOPLIST_FILE = InfoAdditions.plist;
				INFOPLIST_KEY_UIApplicationSceneManifest_Generation = YES;
				INFOPLIST_KEY_UIApplicationSupportsIndirectInputEvents = YES;
				INFOPLIST_KEY_UILaunchScreen_Generation = YES;
				INFOPLIST_KEY_UISupportedInterfaceOrientations_iPad = "UIInterfaceOrientationPortrait UIInterfaceOrientationPortraitUpsideDown";
				INFOPLIST_KEY_UISupportedInterfaceOrientations_iPhone = UIInterfaceOrientationPortrait;
				IPHONEOS_DEPLOYMENT_TARGET = 17.6;
				LD_RUNPATH_SEARCH_PATHS = (
					"$(inherited)",
					"@executable_path/Frameworks",
				);
				MARKETING_VERSION = 1.0.2;
				PRODUCT_BUNDLE_IDENTIFIER = app.wayfind.travel;
				PRODUCT_NAME = "$(TARGET_NAME)";
				STRING_CATALOG_GENERATE_SYMBOLS = YES;
				SWIFT_APPROACHABLE_CONCURRENCY = YES;
				SWIFT_DEFAULT_ACTOR_ISOLATION = MainActor;
				SWIFT_EMIT_LOC_STRINGS = YES;
				SWIFT_UPCOMING_FEATURE_MEMBER_IMPORT_VISIBILITY = YES;
				SWIFT_VERSION = 5.0;
				TARGETED_DEVICE_FAMILY = "1,2";
			};
			name = Debug;
		};
		21CB27312F7F0D8D00154A0F /* Release */ = {
			isa = XCBuildConfiguration;
			buildSettings = {
				ASSETCATALOG_COMPILER_APPICON_NAME = AppIcon;
				ASSETCATALOG_COMPILER_GLOBAL_ACCENT_COLOR_NAME = AccentColor;
				CODE_SIGN_ENTITLEMENTS = wayfind/Wayfind.entitlements;
				CODE_SIGN_STYLE = Automatic;
				CURRENT_PROJECT_VERSION = 1;
				DEVELOPMENT_TEAM = 7RNU3W6ND4;
				ENABLE_PREVIEWS = YES;
				GENERATE_INFOPLIST_FILE = YES;
				INFOPLIST_FILE = InfoAdditions.plist;
				INFOPLIST_KEY_UIApplicationSceneManifest_Generation = YES;
				INFOPLIST_KEY_UIApplicationSupportsIndirectInputEvents = YES;
				INFOPLIST_KEY_UILaunchScreen_Generation = YES;
				INFOPLIST_KEY_UISupportedInterfaceOrientations_iPad = "UIInterfaceOrientationPortrait UIInterfaceOrientationPortraitUpsideDown";
				INFOPLIST_KEY_UISupportedInterfaceOrientations_iPhone = UIInterfaceOrientationPortrait;
				IPHONEOS_DEPLOYMENT_TARGET = 17.6;
				LD_RUNPATH_SEARCH_PATHS = (
					"$(inherited)",
					"@executable_path/Frameworks",
				);
				MARKETING_VERSION = 1.0.2;
				PRODUCT_BUNDLE_IDENTIFIER = app.wayfind.travel;
				PRODUCT_NAME = "$(TARGET_NAME)";
				STRING_CATALOG_GENERATE_SYMBOLS = YES;
				SWIFT_APPROACHABLE_CONCURRENCY = YES;
				SWIFT_DEFAULT_ACTOR_ISOLATION = MainActor;
				SWIFT_EMIT_LOC_STRINGS = YES;
				SWIFT_UPCOMING_FEATURE_MEMBER_IMPORT_VISIBILITY = YES;
				SWIFT_VERSION = 5.0;
				TARGETED_DEVICE_FAMILY = "1,2";
			};
			name = Release;
		};
		21CB280F2F7F0D8C00154A15 /* Debug */ = {
			isa = XCBuildConfiguration;
			buildSettings = {
				BUNDLE_LOADER = "$(TEST_HOST)";
				CODE_SIGN_STYLE = Automatic;
				CURRENT_PROJECT_VERSION = 1;
				DEVELOPMENT_TEAM = 7RNU3W6ND4;
				GENERATE_INFOPLIST_FILE = YES;
				IPHONEOS_DEPLOYMENT_TARGET = 17.6;
				MARKETING_VERSION = 1.0;
				PRODUCT_BUNDLE_IDENTIFIER = app.wayfind.travel.tests;
				PRODUCT_NAME = "$(TARGET_NAME)";
				SWIFT_APPROACHABLE_CONCURRENCY = YES;
				SWIFT_DEFAULT_ACTOR_ISOLATION = MainActor;
				SWIFT_EMIT_LOC_STRINGS = NO;
				SWIFT_UPCOMING_FEATURE_MEMBER_IMPORT_VISIBILITY = YES;
				SWIFT_VERSION = 5.0;
				TARGETED_DEVICE_FAMILY = "1,2";
				TEST_HOST = "$(BUILT_PRODUCTS_DIR)/wayfind.app/$(BUNDLE_EXECUTABLE_FOLDER_PATH)/wayfind";
			};
			name = Debug;
		};
		21CB28102F7F0D8C00154A16 /* Release */ = {
			isa = XCBuildConfiguration;
			buildSettings = {
				BUNDLE_LOADER = "$(TEST_HOST)";
				CODE_SIGN_STYLE = Automatic;
				CURRENT_PROJECT_VERSION = 1;
				DEVELOPMENT_TEAM = 7RNU3W6ND4;
				GENERATE_INFOPLIST_FILE = YES;
				IPHONEOS_DEPLOYMENT_TARGET = 17.6;
				MARKETING_VERSION = 1.0;
				PRODUCT_BUNDLE_IDENTIFIER = app.wayfind.travel.tests;
				PRODUCT_NAME = "$(TARGET_NAME)";
				SWIFT_APPROACHABLE_CONCURRENCY = YES;
				SWIFT_DEFAULT_ACTOR_ISOLATION = MainActor;
				SWIFT_EMIT_LOC_STRINGS = NO;
				SWIFT_UPCOMING_FEATURE_MEMBER_IMPORT_VISIBILITY = YES;
				SWIFT_VERSION = 5.0;
				TARGETED_DEVICE_FAMILY = "1,2";
				TEST_HOST = "$(BUILT_PRODUCTS_DIR)/wayfind.app/$(BUNDLE_EXECUTABLE_FOLDER_PATH)/wayfind";
			};
			name = Release;
		};
		21CB29182F7F0D8C00154A88 /* Debug */ = {
			isa = XCBuildConfiguration;
			buildSettings = {
				CODE_SIGN_STYLE = Automatic;
				CURRENT_PROJECT_VERSION = 1;
				DEVELOPMENT_TEAM = 7RNU3W6ND4;
				GENERATE_INFOPLIST_FILE = YES;
				IPHONEOS_DEPLOYMENT_TARGET = 17.6;
				MARKETING_VERSION = 1.0;
				PRODUCT_BUNDLE_IDENTIFIER = app.wayfind.travel.uitests;
				PRODUCT_NAME = "$(TARGET_NAME)";
				SWIFT_APPROACHABLE_CONCURRENCY = YES;
				SWIFT_DEFAULT_ACTOR_ISOLATION = MainActor;
				SWIFT_EMIT_LOC_STRINGS = NO;
				SWIFT_UPCOMING_FEATURE_MEMBER_IMPORT_VISIBILITY = YES;
				SWIFT_VERSION = 5.0;
				TARGETED_DEVICE_FAMILY = "1,2";
				TEST_TARGET_NAME = wayfind;
			};
			name = Debug;
		};
		21CB29192F7F0D8C00154A89 /* Release */ = {
			isa = XCBuildConfiguration;
			buildSettings = {
				CODE_SIGN_STYLE = Automatic;
				CURRENT_PROJECT_VERSION = 1;
				DEVELOPMENT_TEAM = 7RNU3W6ND4;
				GENERATE_INFOPLIST_FILE = YES;
				IPHONEOS_DEPLOYMENT_TARGET = 17.6;
				MARKETING_VERSION = 1.0;
				PRODUCT_BUNDLE_IDENTIFIER = app.wayfind.travel.uitests;
				PRODUCT_NAME = "$(TARGET_NAME)";
				SWIFT_APPROACHABLE_CONCURRENCY = YES;
				SWIFT_DEFAULT_ACTOR_ISOLATION = MainActor;
				SWIFT_EMIT_LOC_STRINGS = NO;
				SWIFT_UPCOMING_FEATURE_MEMBER_IMPORT_VISIBILITY = YES;
				SWIFT_VERSION = 5.0;
				TARGETED_DEVICE_FAMILY = "1,2";
				TEST_TARGET_NAME = wayfind;
			};
			name = Release;
		};
/* End XCBuildConfiguration section */

/* Begin XCConfigurationList section */
		21CB271F2F7F0D8C00154A0F /* Build configuration list for PBXProject "wayfind" */ = {
			isa = XCConfigurationList;
			buildConfigurations = (
				21CB272D2F7F0D8D00154A0F /* Debug */,
				21CB272E2F7F0D8D00154A0F /* Release */,
			);
			defaultConfigurationIsVisible = 0;
			defaultConfigurationName = Release;
		};
		21CB272F2F7F0D8D00154A0F /* Build configuration list for PBXNativeTarget "wayfind" */ = {
			isa = XCConfigurationList;
			buildConfigurations = (
				21CB27302F7F0D8D00154A0F /* Debug */,
				21CB27312F7F0D8D00154A0F /* Release */,
			);
			defaultConfigurationIsVisible = 0;
			defaultConfigurationName = Release;
		};
		21CB28112F7F0D8C00154A17 /* Build configuration list for PBXNativeTarget "wayfindTests" */ = {
			isa = XCConfigurationList;
			buildConfigurations = (
				21CB280F2F7F0D8C00154A15 /* Debug */,
				21CB28102F7F0D8C00154A16 /* Release */,
			);
			defaultConfigurationIsVisible = 0;
			defaultConfigurationName = Release;
		};
		21CB291A2F7F0D8C00154A8A /* Build configuration list for PBXNativeTarget "wayfindUITests" */ = {
			isa = XCConfigurationList;
			buildConfigurations = (
				21CB29182F7F0D8C00154A88 /* Debug */,
				21CB29192F7F0D8C00154A89 /* Release */,
			);
			defaultConfigurationIsVisible = 0;
			defaultConfigurationName = Release;
		};
/* End XCConfigurationList section */

/* Begin XCRemoteSwiftPackageReference section */
		A1AA5E170000000000154A21 /* XCRemoteSwiftPackageReference "sentry-cocoa" */ = {
			isa = XCRemoteSwiftPackageReference;
			repositoryURL = "https://github.com/getsentry/sentry-cocoa.git";
			requirement = {
				kind = upToNextMajorVersion;
				minimumVersion = 9.9.0;
			};
		};
		A1AAC0DE2F7F0D8C00154A05 /* XCRemoteSwiftPackageReference "purchases-ios-spm" */ = {
			isa = XCRemoteSwiftPackageReference;
			repositoryURL = "https://github.com/RevenueCat/purchases-ios-spm.git";
			requirement = {
				kind = upToNextMajorVersion;
				minimumVersion = 5.69.0;
			};
		};
		A1AAPKG012F7F0D8C00154A01 /* XCRemoteSwiftPackageReference "supabase-swift" */ = {
			isa = XCRemoteSwiftPackageReference;
			repositoryURL = "https://github.com/supabase/supabase-swift";
			requirement = {
				kind = upToNextMajorVersion;
				minimumVersion = 2.0.0;
			};
		};
		A1AAPKG022F7F0D8C00154A02 /* XCRemoteSwiftPackageReference "GoogleSignIn-iOS" */ = {
			isa = XCRemoteSwiftPackageReference;
			repositoryURL = "https://github.com/google/GoogleSignIn-iOS";
			requirement = {
				kind = upToNextMajorVersion;
				minimumVersion = 8.0.0;
			};
		};
/* End XCRemoteSwiftPackageReference section */

/* Begin XCSwiftPackageProductDependency section */
		A1AA5E170000000000154A22 /* Sentry */ = {
			isa = XCSwiftPackageProductDependency;
			package = A1AA5E170000000000154A21 /* XCRemoteSwiftPackageReference "sentry-cocoa" */;
			productName = Sentry;
		};
		A1AAC0DE2F7F0D8C00154A06 /* RevenueCat */ = {
			isa = XCSwiftPackageProductDependency;
			package = A1AAC0DE2F7F0D8C00154A05 /* XCRemoteSwiftPackageReference "purchases-ios-spm" */;
			productName = RevenueCat;
		};
		A1AAC0DE2F7F0D8C00154A07 /* RevenueCatUI */ = {
			isa = XCSwiftPackageProductDependency;
			package = A1AAC0DE2F7F0D8C00154A05 /* XCRemoteSwiftPackageReference "purchases-ios-spm" */;
			productName = RevenueCatUI;
		};
		A1AAPRD032F7F0D8C00154A03 /* Supabase */ = {
			isa = XCSwiftPackageProductDependency;
			package = A1AAPKG012F7F0D8C00154A01 /* XCRemoteSwiftPackageReference "supabase-swift" */;
			productName = Supabase;
		};
		A1AAPRD042F7F0D8C00154A04 /* GoogleSignIn */ = {
			isa = XCSwiftPackageProductDependency;
			package = A1AAPKG022F7F0D8C00154A02 /* XCRemoteSwiftPackageReference "GoogleSignIn-iOS" */;
			productName = GoogleSignIn;
		};
/* End XCSwiftPackageProductDependency section */
	};
	rootObject = 21CB271C2F7F0D8C00154A0F /* Project object */;
}
